
Microsoft Visual Studio Solution File, Format Version 12.00
# Visual Studio 15
VisualStudioVersion = 15.0.28307.779
MinimumVisualStudioVersion = 10.0.40219.1
Project("{FAE04EC0-301F-11D3-BF4B-00C04F79EFBC}") = "FunctionApp2", "FunctionApp2\FunctionApp2.csproj", "{0ADF20F8-B763-45EE-B843-A4A59F230B0A}"
EndProject
Global
	GlobalSection(SolutionConfigurationPlatforms) = preSolution
		Debug|Any CPU = Debug|Any CPU
		Release|Any CPU = Release|Any CPU
	EndGlobalSection
	GlobalSection(ProjectConfigurationPlatforms) = postSolution
		{0ADF20F8-B763-45EE-B843-A4A59F230B0A}.Debug|Any CPU.ActiveCfg = Debug|Any CPU
		{0ADF20F8-B763-45EE-B843-A4A59F230B0A}.Debug|Any CPU.Build.0 = Debug|Any CPU
		{0ADF20F8-B763-45EE-B843-A4A59F230B0A}.Release|Any CPU.ActiveCfg = Release|Any CPU
		{0ADF20F8-B763-45EE-B843-A4A59F230B0A}.Release|Any CPU.Build.0 = Release|Any CPU
	EndGlobalSection
	GlobalSection(SolutionProperties) = preSolution
		HideSolutionNode = FALSE
	EndGlobalSection
	GlobalSection(ExtensibilityGlobals) = postSolution
		SolutionGuid = {E9F8D160-F4A9-4FEB-81FE-A5627D765F36}
	EndGlobalSection
EndGlobal
